Microsoft Visual Studio Solution File, Format Version 12.00
# Visual Studio 2012
Project("{FAE04EC0-301F-11D3-BF4B-00C04F79EFBC}") = "Project Gordon", "Project Gordon.csproj", "{C3F0960C-5676-4B13-B12C-F5D6EB2296B4}"
EndProject
Global
	GlobalSection(SolutionConfigurationPlatforms) = preSolution
	Debug|Any CPU = Debug|Any CPU
	ExportDebug|Any CPU = ExportDebug|Any CPU
	ExportRelease|Any CPU = ExportRelease|Any CPU
	EndGlobalSection
	GlobalSection(ProjectConfigurationPlatforms) = postSolution
		{C3F0960C-5676-4B13-B12C-F5D6EB2296B4}.Debug|Any CPU.ActiveCfg = Debug|Any CPU
		{C3F0960C-5676-4B13-B12C-F5D6EB2296B4}.Debug|Any CPU.Build.0 = Debug|Any CPU
		{C3F0960C-5676-4B13-B12C-F5D6EB2296B4}.ExportDebug|Any CPU.ActiveCfg = ExportDebug|Any CPU
		{C3F0960C-5676-4B13-B12C-F5D6EB2296B4}.ExportDebug|Any CPU.Build.0 = ExportDebug|Any CPU
		{C3F0960C-5676-4B13-B12C-F5D6EB2296B4}.ExportRelease|Any CPU.ActiveCfg = ExportRelease|Any CPU
		{C3F0960C-5676-4B13-B12C-F5D6EB2296B4}.ExportRelease|Any CPU.Build.0 = ExportRelease|Any CPU
	EndGlobalSection
EndGlobal
